
Microsoft Visual Studio Solution File, Format Version 12.00
# Visual Studio 15
VisualStudioVersion = 15.0.28307.960
MinimumVisualStudioVersion = 10.0.40219.1
Project("{FAE04EC0-301F-11D3-BF4B-00C04F79EFBC}") = "TDG", "TDG\TDG.csproj", "{306A1283-0CA3-46B1-8BFA-E85D752FC9E5}"
EndProject
Global
	GlobalSection(SolutionConfigurationPlatforms) = preSolution
		Debug|Any CPU = Debug|Any CPU
		Release|Any CPU = Release|Any CPU
	EndGlobalSection
	GlobalSection(ProjectConfigurationPlatforms) = postSolution
		{306A1283-0CA3-46B1-8BFA-E85D752FC9E5}.Debug|Any CPU.ActiveCfg = Debug|Any CPU
		{306A1283-0CA3-46B1-8BFA-E85D752FC9E5}.Debug|Any CPU.Build.0 = Debug|Any CPU
		{306A1283-0CA3-46B1-8BFA-E85D752FC9E5}.Release|Any CPU.ActiveCfg = Release|Any CPU
		{306A1283-0CA3-46B1-8BFA-E85D752FC9E5}.Release|Any CPU.Build.0 = Release|Any CPU
	EndGlobalSection
	GlobalSection(SolutionProperties) = preSolution
		HideSolutionNode = FALSE
	EndGlobalSection
	GlobalSection(ExtensibilityGlobals) = postSolution
		SolutionGuid = {01607917-BBEB-40AD-862A-6A5081C3CE0C}
	EndGlobalSection
EndGlobal
